// !$*UTF8*$!
{ archiveVersion = 1; classes = {  }; objectVersion = 56; objects = { 61665BD449B32BCD4712906D = { isa = "PBXFileReference"; lastKnownFileType = "sourcecode.swift"; path = "AppDelegate.swift"; sourceTree = "<group>"; }; 969F1D699C0C9130749C85BD = { isa = "PBXBuildFile"; fileRef = "61665BD449B32BCD4712906D"; }; 79AEC28B1844EB9BAB2BFB99 = { isa = "PBXFileReference"; lastKnownFileType = "sourcecode.swift"; path = "MyNewsApp.swift"; sourceTree = "<group>"; }; 60F34E3F239F76C302611970 = { isa = "PBXBuildFile"; fileRef = "79AEC28B1844EB9BAB2BFB99"; }; 68368A08D9B117289DA9A4CD = { isa = "PBXFileReference"; lastKnownFileType = "sourcecode.swift"; path = "RootView.swift"; sourceTree = "<group>"; }; A579A911D7FB8568E162FAA5 = { isa = "PBXBuildFile"; fileRef = "68368A08D9B117289DA9A4CD"; }; 98F4B6EEE837E9F1BCD4B828 = { isa = "PBXGroup"; children = ("61665BD449B32BCD4712906D", "79AEC28B1844EB9BAB2BFB99", "68368A08D9B117289DA9A4CD"); path = "App"; sourceTree = "<group>"; }; A8EAC75E58AB10A52C82785A = { isa = "PBXFileReference"; lastKnownFileType = "sourcecode.swift"; path = "ArticleCard.swift"; sourceTree = "<group>"; }; 524B2EBE716D29242E71B621 = { isa = "PBXBuildFile"; fileRef = "A8EAC75E58AB10A52C82785A"; }; 06024E94AD333FEA6860DEFA = { isa = "PBXFileReference"; lastKnownFileType = "sourcecode.swift"; path = "PreferencePickers.swift"; sourceTree = "<group>"; }; B6A19A88A3714394F070B60A = { isa = "PBXBuildFile"; fileRef = "06024E94AD333FEA6860DEFA"; }; C97E5F5B2C00526995CEC0B2 = { isa = "PBXGroup"; children = ("A8EAC75E58AB10A52C82785A", "06024E94AD333FEA6860DEFA"); path = "Components"; sourceTree = "<group>"; }; 7E17F5691803C96ED0A6961B = { isa = "PBXFileReference"; lastKnownFileType = "sourcecode.swift"; path = "NewsArticle.swift"; sourceTree = "<group>"; }; 4CFD7348B76AF24020D1C674 = { isa = "PBXBuildFile"; fileRef = "7E17F5691803C96ED0A6961B"; }; AD6E97E37F8F790CBEED5EF4 = { isa = "PBXFileReference"; lastKnownFileType = "sourcecode.swift"; path = "Preferences.swift"; sourceTree = "<group>"; }; A003F8FB5E437A0BF0090AAD = { isa = "PBXBuildFile"; fileRef = "AD6E97E37F8F790CBEED5EF4"; }; 01247786E6B0B79B10BF9B16 = { isa = "PBXGroup"; children = ("7E17F5691803C96ED0A6961B", "AD6E97E37F8F790CBEED5EF4"); path = "Models"; sourceTree = "<group>"; }; D1B7F2D3AAD652E02751FB7E = { isa = "PBXFileReference"; lastKnownFileType = "sourcecode.swift"; path = "HTTPClient.swift"; sourceTree = "<group>"; }; 3CA77E5187363EFF86438F48 = { isa = "PBXBuildFile"; fileRef = "D1B7F2D3AAD652E02751FB7E"; }; AD3DA75A99DD4DB89745C611 = { isa = "PBXFileReference"; lastKnownFileType = "sourcecode.swift"; path = "NewsError.swift"; sourceTree = "<group>"; }; 01DAEA6DC85C548D52184292 = { isa = "PBXBuildFile"; fileRef = "AD3DA75A99DD4DB89745C611"; }; EDDA14BF2C34711314245704 = { isa = "PBXGroup"; children = ("D1B7F2D3AAD652E02751FB7E", "AD3DA75A99DD4DB89745C611"); path = "Networking"; sourceTree = "<group>"; }; 6E6E171EF44F00AE447D6EC0 = { isa = "PBXFileReference"; lastKnownFileType = "folder.assetcatalog"; path = "Assets.xcassets"; sourceTree = "<group>"; }; 4DCC9E2B27A1316CD51B89A3 = { isa = "PBXBuildFile"; fileRef = "6E6E171EF44F00AE447D6EC0"; }; DFA153D0D4263CD47C55AC9F = { isa = "PBXFileReference"; lastKnownFileType = "text.plist.xml"; path = "Info.plist"; sourceTree = "<group>"; }; F692A35CF8EE5F9CC2205E1F = { isa = "PBXFileReference"; lastKnownFileType = "text.xml"; path = "PrivacyInfo.xcprivacy"; sourceTree = "<group>"; }; 0C17B7FB68776B8CEA63DF9E = { isa = "PBXBuildFile"; fileRef = "F692A35CF8EE5F9CC2205E1F"; }; AE47B552672E7226A1A637CB = { isa = "PBXGroup"; children = ("6E6E171EF44F00AE447D6EC0", "DFA153D0D4263CD47C55AC9F", "F692A35CF8EE5F9CC2205E1F"); path = "Resources"; sourceTree = "<group>"; }; 40208B137421580112E6C7D1 = { isa = "PBXFileReference"; lastKnownFileType = "sourcecode.swift"; path = "MockNewsService.swift"; sourceTree = "<group>"; }; FA94A1502CB1FB47E0A1E624 = { isa = "PBXBuildFile"; fileRef = "40208B137421580112E6C7D1"; }; 8833E6922810B35894C72928 = { isa = "PBXFileReference"; lastKnownFileType = "sourcecode.swift"; path = "NewsService.swift"; sourceTree = "<group>"; }; C53BD60250F5A0200447AE42 = { isa = "PBXBuildFile"; fileRef = "8833E6922810B35894C72928"; }; 33627475BA44793CE60B2DDC = { isa = "PBXFileReference"; lastKnownFileType = "sourcecode.swift"; path = "RealNewsService.swift"; sourceTree = "<group>"; }; 9E85DEAFC24DF2B187F8BD91 = { isa = "PBXBuildFile"; fileRef = "33627475BA44793CE60B2DDC"; }; FE004EEFB8C055CC3D0F78C6 = { isa = "PBXGroup"; children = ("40208B137421580112E6C7D1", "8833E6922810B35894C72928", "33627475BA44793CE60B2DDC"); path = "News"; sourceTree = "<group>"; }; 774FAAF1A756BA13A42AD9AB = { isa = "PBXFileReference"; lastKnownFileType = "sourcecode.swift"; path = "NotificationPolicy.swift"; sourceTree = "<group>"; }; E1C2989CC89A956A24C9B69F = { isa = "PBXBuildFile"; fileRef = "774FAAF1A756BA13A42AD9AB"; }; 28C13684FAF5DD5D894AAC52 = { isa = "PBXFileReference"; lastKnownFileType = "sourcecode.swift"; path = "NotificationService.swift"; sourceTree = "<group>"; }; DD45361DD1FDF6FFDA799228 = { isa = "PBXBuildFile"; fileRef = "28C13684FAF5DD5D894AAC52"; }; 222E79C60DA9BE84DAAFA659 = { isa = "PBXGroup"; children = ("774FAAF1A756BA13A42AD9AB", "28C13684FAF5DD5D894AAC52"); path = "Notifications"; sourceTree = "<group>"; }; 20EA57595791CDE56BE91BAF = { isa = "PBXFileReference"; lastKnownFileType = "sourcecode.swift"; path = "LocalStore.swift"; sourceTree = "<group>"; }; 021E717D892FF41FACFEC9C0 = { isa = "PBXBuildFile"; fileRef = "20EA57595791CDE56BE91BAF"; }; 96109E9EC139F17DB0FEAF1E = { isa = "PBXFileReference"; lastKnownFileType = "sourcecode.swift"; path = "NewsCache.swift"; sourceTree = "<group>"; }; 98B68CD729CB365172D3851B = { isa = "PBXBuildFile"; fileRef = "96109E9EC139F17DB0FEAF1E"; }; 41A63401A0051A74222A98F3 = { isa = "PBXGroup"; children = ("20EA57595791CDE56BE91BAF", "96109E9EC139F17DB0FEAF1E"); path = "Storage"; sourceTree = "<group>"; }; 96CDFC2ED540A32CB10AC174 = { isa = "PBXGroup"; children = ("FE004EEFB8C055CC3D0F78C6", "222E79C60DA9BE84DAAFA659", "41A63401A0051A74222A98F3"); path = "Services"; sourceTree = "<group>"; }; 30DC3E7E4C970C3225DC54C1 = { isa = "PBXGroup"; children = (); path = "Utilities"; sourceTree = "<group>"; }; C79490C3C4DCBBE8F516B873 = { isa = "PBXFileReference"; lastKnownFileType = "sourcecode.swift"; path = "AppState.swift"; sourceTree = "<group>"; }; C813B0C06F86442627C4282F = { isa = "PBXBuildFile"; fileRef = "C79490C3C4DCBBE8F516B873"; }; 03CEA203B4BC93B9E23C2DCE = { isa = "PBXFileReference"; lastKnownFileType = "sourcecode.swift"; path = "NewsListViewModel.swift"; sourceTree = "<group>"; }; 45AA99DAFE7893BA0B13E9B9 = { isa = "PBXBuildFile"; fileRef = "03CEA203B4BC93B9E23C2DCE"; }; 42B696613E376E7EA4A1A614 = { isa = "PBXGroup"; children = ("C79490C3C4DCBBE8F516B873", "03CEA203B4BC93B9E23C2DCE"); path = "ViewModels"; sourceTree = "<group>"; }; 877AA9A98CAA3E344975DF7C = { isa = "PBXFileReference"; lastKnownFileType = "sourcecode.swift"; path = "ArticleDetailView.swift"; sourceTree = "<group>"; }; C9867901E506AB8EFC40FABA = { isa = "PBXBuildFile"; fileRef = "877AA9A98CAA3E344975DF7C"; }; D77F2B9E313BEF949E078A41 = { isa = "PBXGroup"; children = ("877AA9A98CAA3E344975DF7C"); path = "Detail"; sourceTree = "<group>"; }; 79694340A514C87B41833210 = { isa = "PBXFileReference"; lastKnownFileType = "sourcecode.swift"; path = "ExploreView.swift"; sourceTree = "<group>"; }; F4D5219367D3EECCE5B7AD3E = { isa = "PBXBuildFile"; fileRef = "79694340A514C87B41833210"; }; 1916EFFED355C8F156E9402D = { isa = "PBXGroup"; children = ("79694340A514C87B41833210"); path = "Explore"; sourceTree = "<group>"; }; 889E0AAFB6E7483C140416D0 = { isa = "PBXFileReference"; lastKnownFileType = "sourcecode.swift"; path = "HomeView.swift"; sourceTree = "<group>"; }; A7B860786F6A86BB54A4D727 = { isa = "PBXBuildFile"; fileRef = "889E0AAFB6E7483C140416D0"; }; D90D0EF400473B4823524DEB = { isa = "PBXGroup"; children = ("889E0AAFB6E7483C140416D0"); path = "Home"; sourceTree = "<group>"; }; 441A5452DED38ABA78E9A057 = { isa = "PBXFileReference"; lastKnownFileType = "sourcecode.swift"; path = "OnboardingView.swift"; sourceTree = "<group>"; }; 00BA78F0B557E92E957E067F = { isa = "PBXBuildFile"; fileRef = "441A5452DED38ABA78E9A057"; }; A04260433CEC154E50BB2421 = { isa = "PBXGroup"; children = ("441A5452DED38ABA78E9A057"); path = "Onboarding"; sourceTree = "<group>"; }; D003C5C2EA58E77E1661C75C = { isa = "PBXFileReference"; lastKnownFileType = "sourcecode.swift"; path = "SavedView.swift"; sourceTree = "<group>"; }; 1E65A93F8D7613F550286CA1 = { isa = "PBXBuildFile"; fileRef = "D003C5C2EA58E77E1661C75C"; }; 8157173B7C7AE09F12CD49BC = { isa = "PBXGroup"; children = ("D003C5C2EA58E77E1661C75C"); path = "Saved"; sourceTree = "<group>"; }; 984D6353DA9C61EAE54F99EC = { isa = "PBXFileReference"; lastKnownFileType = "sourcecode.swift"; path = "SettingsView.swift"; sourceTree = "<group>"; }; F5D33261D4BDEAE91F3E1A04 = { isa = "PBXBuildFile"; fileRef = "984D6353DA9C61EAE54F99EC"; }; 0E0420C2A166AB0274E4AB17 = { isa = "PBXGroup"; children = ("984D6353DA9C61EAE54F99EC"); path = "Settings"; sourceTree = "<group>"; }; 190330A3E519AE7A545BB784 = { isa = "PBXGroup"; children = ("D77F2B9E313BEF949E078A41", "1916EFFED355C8F156E9402D", "D90D0EF400473B4823524DEB", "A04260433CEC154E50BB2421", "8157173B7C7AE09F12CD49BC", "0E0420C2A166AB0274E4AB17"); path = "Views"; sourceTree = "<group>"; }; 3E099229492311B7882A9AAE = { isa = "PBXGroup"; children = ("98F4B6EEE837E9F1BCD4B828", "C97E5F5B2C00526995CEC0B2", "01247786E6B0B79B10BF9B16", "EDDA14BF2C34711314245704", "AE47B552672E7226A1A637CB", "96CDFC2ED540A32CB10AC174", "30DC3E7E4C970C3225DC54C1", "42B696613E376E7EA4A1A614", "190330A3E519AE7A545BB784"); path = "MyNews"; sourceTree = "<group>"; }; 25080A42426C8A55C00A6941 = { isa = "PBXFileReference"; lastKnownFileType = "sourcecode.swift"; path = "FeedTests.swift"; sourceTree = "<group>"; }; 79711B943F4D4DA91241F1EB = { isa = "PBXBuildFile"; fileRef = "25080A42426C8A55C00A6941"; }; 51707E942219F5CF7195169B = { isa = "PBXFileReference"; lastKnownFileType = "sourcecode.swift"; path = "NetworkingTests.swift"; sourceTree = "<group>"; }; 5BC3581C267882015BB44F60 = { isa = "PBXBuildFile"; fileRef = "51707E942219F5CF7195169B"; }; 83F9F3BAE6FBAE238353792B = { isa = "PBXFileReference"; lastKnownFileType = "sourcecode.swift"; path = "NotificationPolicyTests.swift"; sourceTree = "<group>"; }; D39F436AF7EBA1B31B199CC5 = { isa = "PBXBuildFile"; fileRef = "83F9F3BAE6FBAE238353792B"; }; 504BB99B4E5C4B9A3C67CC25 = { isa = "PBXFileReference"; lastKnownFileType = "sourcecode.swift"; path = "StorageAndLoadingTests.swift"; sourceTree = "<group>"; }; FD54A9AEC5ADD460C17DCCB9 = { isa = "PBXBuildFile"; fileRef = "504BB99B4E5C4B9A3C67CC25"; }; A2C02C5218F616A948464A22 = { isa = "PBXGroup"; children = ("25080A42426C8A55C00A6941", "51707E942219F5CF7195169B", "83F9F3BAE6FBAE238353792B", "504BB99B4E5C4B9A3C67CC25"); path = "MyNewsTests"; sourceTree = "<group>"; }; 681C948D238C526E9E3424E0 = { isa = "PBXFileReference"; explicitFileType = "wrapper.application"; includeInIndex = 0; path = "MyNews.app"; sourceTree = "BUILT_PRODUCTS_DIR"; }; F739566ED5280322FF98A798 = { isa = "PBXFileReference"; explicitFileType = "wrapper.cfbundle"; includeInIndex = 0; path = "MyNewsTests.xctest"; sourceTree = "BUILT_PRODUCTS_DIR"; }; 0A3E27B8CA818264D75C8D81 = { isa = "PBXGroup"; children = ("681C948D238C526E9E3424E0", "F739566ED5280322FF98A798"); name = "Products"; sourceTree = "<group>"; }; 0D6E4079E36703EBD37C0072 = { isa = "PBXGroup"; children = ("3E099229492311B7882A9AAE", "A2C02C5218F616A948464A22", "0A3E27B8CA818264D75C8D81"); sourceTree = "<group>"; }; 73EBF6644258C120893E685D = { isa = "XCBuildConfiguration"; name = "Debug"; buildSettings = { CLANG_ENABLE_MODULES = "YES"; CLANG_ENABLE_OBJC_ARC = "YES"; SDKROOT = "iphoneos"; IPHONEOS_DEPLOYMENT_TARGET = "17.0"; SWIFT_VERSION = "5.0"; SWIFT_STRICT_CONCURRENCY = "complete"; SWIFT_OPTIMIZATION_LEVEL = "-Onone"; SWIFT_ACTIVE_COMPILATION_CONDITIONS = "DEBUG"; ENABLE_TESTABILITY = "YES"; DEBUG_INFORMATION_FORMAT = "dwarf"; }; }; 0B0C687DF8B6B8DC790B519C = { isa = "XCBuildConfiguration"; name = "Release"; buildSettings = { CLANG_ENABLE_MODULES = "YES"; CLANG_ENABLE_OBJC_ARC = "YES"; SDKROOT = "iphoneos"; IPHONEOS_DEPLOYMENT_TARGET = "17.0"; SWIFT_VERSION = "5.0"; SWIFT_STRICT_CONCURRENCY = "complete"; SWIFT_OPTIMIZATION_LEVEL = "-O"; SWIFT_COMPILATION_MODE = "wholemodule"; DEBUG_INFORMATION_FORMAT = "dwarf-with-dsym"; }; }; B4E10CAA9C5E22150B71559C = { isa = "XCConfigurationList"; buildConfigurations = ("73EBF6644258C120893E685D", "0B0C687DF8B6B8DC790B519C"); defaultConfigurationIsVisible = 0; defaultConfigurationName = "Release"; }; B00CCDD09424E369308D67FA = { isa = "XCBuildConfiguration"; name = "Debug"; buildSettings = { CODE_SIGN_STYLE = "Automatic"; DEVELOPMENT_TEAM = ""; TARGETED_DEVICE_FAMILY = "1"; SUPPORTED_PLATFORMS = "iphoneos iphonesimulator"; SUPPORTS_MACCATALYST = "NO"; PRODUCT_NAME = "$(TARGET_NAME)"; LD_RUNPATH_SEARCH_PATHS = ("$(inherited)", "@executable_path/Frameworks"); GENERATE_INFOPLIST_FILE = "NO"; INFOPLIST_FILE = "MyNews/Resources/Info.plist"; PRODUCT_BUNDLE_IDENTIFIER = "com.example.mynews"; ENABLE_PREVIEWS = "YES"; }; }; 1B104479E55E37CF8A63CBDF = { isa = "XCBuildConfiguration"; name = "Release"; buildSettings = { CODE_SIGN_STYLE = "Automatic"; DEVELOPMENT_TEAM = ""; TARGETED_DEVICE_FAMILY = "1"; SUPPORTED_PLATFORMS = "iphoneos iphonesimulator"; SUPPORTS_MACCATALYST = "NO"; PRODUCT_NAME = "$(TARGET_NAME)"; LD_RUNPATH_SEARCH_PATHS = ("$(inherited)", "@executable_path/Frameworks"); GENERATE_INFOPLIST_FILE = "NO"; INFOPLIST_FILE = "MyNews/Resources/Info.plist"; PRODUCT_BUNDLE_IDENTIFIER = "com.example.mynews"; ENABLE_PREVIEWS = "YES"; }; }; 7BCEE9A04133D8A2FED7D4D3 = { isa = "XCConfigurationList"; buildConfigurations = ("B00CCDD09424E369308D67FA", "1B104479E55E37CF8A63CBDF"); defaultConfigurationIsVisible = 0; defaultConfigurationName = "Release"; }; 22341BB87F410D35D057D37C = { isa = "XCBuildConfiguration"; name = "Debug"; buildSettings = { CODE_SIGN_STYLE = "Automatic"; DEVELOPMENT_TEAM = ""; TARGETED_DEVICE_FAMILY = "1"; SUPPORTED_PLATFORMS = "iphoneos iphonesimulator"; SUPPORTS_MACCATALYST = "NO"; PRODUCT_NAME = "$(TARGET_NAME)"; LD_RUNPATH_SEARCH_PATHS = ("$(inherited)", "@executable_path/Frameworks"); GENERATE_INFOPLIST_FILE = "YES"; PRODUCT_BUNDLE_IDENTIFIER = "com.example.mynews.tests"; TEST_HOST = "$(BUILT_PRODUCTS_DIR)/MyNews.app/$(BUNDLE_EXECUTABLE_FOLDER_PATH)/MyNews"; BUNDLE_LOADER = "$(TEST_HOST)"; }; }; A188B1844D481F2A55033242 = { isa = "XCBuildConfiguration"; name = "Release"; buildSettings = { CODE_SIGN_STYLE = "Automatic"; DEVELOPMENT_TEAM = ""; TARGETED_DEVICE_FAMILY = "1"; SUPPORTED_PLATFORMS = "iphoneos iphonesimulator"; SUPPORTS_MACCATALYST = "NO"; PRODUCT_NAME = "$(TARGET_NAME)"; LD_RUNPATH_SEARCH_PATHS = ("$(inherited)", "@executable_path/Frameworks"); GENERATE_INFOPLIST_FILE = "YES"; PRODUCT_BUNDLE_IDENTIFIER = "com.example.mynews.tests"; TEST_HOST = "$(BUILT_PRODUCTS_DIR)/MyNews.app/$(BUNDLE_EXECUTABLE_FOLDER_PATH)/MyNews"; BUNDLE_LOADER = "$(TEST_HOST)"; }; }; 03DD3B561E55E02346DA0484 = { isa = "XCConfigurationList"; buildConfigurations = ("22341BB87F410D35D057D37C", "A188B1844D481F2A55033242"); defaultConfigurationIsVisible = 0; defaultConfigurationName = "Release"; }; AFF87A50730392B6633ACECE = { isa = "PBXSourcesBuildPhase"; buildActionMask = 2147483647; files = ("969F1D699C0C9130749C85BD", "60F34E3F239F76C302611970", "A579A911D7FB8568E162FAA5", "524B2EBE716D29242E71B621", "B6A19A88A3714394F070B60A", "4CFD7348B76AF24020D1C674", "A003F8FB5E437A0BF0090AAD", "3CA77E5187363EFF86438F48", "01DAEA6DC85C548D52184292", "FA94A1502CB1FB47E0A1E624", "C53BD60250F5A0200447AE42", "9E85DEAFC24DF2B187F8BD91", "E1C2989CC89A956A24C9B69F", "DD45361DD1FDF6FFDA799228", "021E717D892FF41FACFEC9C0", "98B68CD729CB365172D3851B", "C813B0C06F86442627C4282F", "45AA99DAFE7893BA0B13E9B9", "C9867901E506AB8EFC40FABA", "F4D5219367D3EECCE5B7AD3E", "A7B860786F6A86BB54A4D727", "00BA78F0B557E92E957E067F", "1E65A93F8D7613F550286CA1", "F5D33261D4BDEAE91F3E1A04"); runOnlyForDeploymentPostprocessing = 0; }; 7A4C2DC8FCA657188648E999 = { isa = "PBXFrameworksBuildPhase"; buildActionMask = 2147483647; files = (); runOnlyForDeploymentPostprocessing = 0; }; F9187E824FE171A6F0EFAE28 = { isa = "PBXResourcesBuildPhase"; buildActionMask = 2147483647; files = ("4DCC9E2B27A1316CD51B89A3", "0C17B7FB68776B8CEA63DF9E"); runOnlyForDeploymentPostprocessing = 0; }; C1E9827DB735CA9BAA54A540 = { isa = "PBXNativeTarget"; buildConfigurationList = "7BCEE9A04133D8A2FED7D4D3"; buildPhases = ("AFF87A50730392B6633ACECE", "7A4C2DC8FCA657188648E999", "F9187E824FE171A6F0EFAE28"); buildRules = (); dependencies = (); name = "MyNews"; productName = "MyNews"; productReference = "681C948D238C526E9E3424E0"; productType = "com.apple.product-type.application"; }; DAB01D73CBBCF1FEDE84E2D6 = { isa = "PBXContainerItemProxy"; containerPortal = "244210E48437B6556980A702"; proxyType = 1; remoteGlobalIDString = "C1E9827DB735CA9BAA54A540"; remoteInfo = "MyNews"; }; F9A94CEF8CF7D85CE881E703 = { isa = "PBXTargetDependency"; target = "C1E9827DB735CA9BAA54A540"; targetProxy = "DAB01D73CBBCF1FEDE84E2D6"; }; DEE94446A282611C16F7781C = { isa = "PBXSourcesBuildPhase"; buildActionMask = 2147483647; files = ("79711B943F4D4DA91241F1EB", "5BC3581C267882015BB44F60", "D39F436AF7EBA1B31B199CC5", "FD54A9AEC5ADD460C17DCCB9"); runOnlyForDeploymentPostprocessing = 0; }; B10CDED79664567B030B2B4F = { isa = "PBXFrameworksBuildPhase"; buildActionMask = 2147483647; files = (); runOnlyForDeploymentPostprocessing = 0; }; 1F030AB36D1A3A4389CF71AE = { isa = "PBXResourcesBuildPhase"; buildActionMask = 2147483647; files = (); runOnlyForDeploymentPostprocessing = 0; }; 9805CBD60EB4F66728D5D195 = { isa = "PBXNativeTarget"; buildConfigurationList = "03DD3B561E55E02346DA0484"; buildPhases = ("DEE94446A282611C16F7781C", "B10CDED79664567B030B2B4F", "1F030AB36D1A3A4389CF71AE"); buildRules = (); dependencies = ("F9A94CEF8CF7D85CE881E703"); name = "MyNewsTests"; productName = "MyNewsTests"; productReference = "F739566ED5280322FF98A798"; productType = "com.apple.product-type.bundle.unit-test"; }; 244210E48437B6556980A702 = { isa = "PBXProject"; attributes = { LastUpgradeCheck = "1600"; BuildIndependentTargetsInParallel = "YES"; }; buildConfigurationList = "B4E10CAA9C5E22150B71559C"; compatibilityVersion = "Xcode 14.0"; developmentRegion = "es"; knownRegions = ("es", "en", "Base"); mainGroup = "0D6E4079E36703EBD37C0072"; productRefGroup = "0A3E27B8CA818264D75C8D81"; projectDirPath = ""; projectRoot = ""; targets = ("C1E9827DB735CA9BAA54A540", "9805CBD60EB4F66728D5D195"); }; }; rootObject = "244210E48437B6556980A702"; }